
Microsoft Visual Studio Solution File, Format Version 12.00
# Visual Studio Version 16
VisualStudioVersion = 16.0.28917.181
MinimumVisualStudioVersion = 10.0.40219.1
Project("{FAE04EC0-301F-11D3-BF4B-00C04F79EFBC}") = "CommonSwCandidateTest", "CommonSwCandidateTest\CommonSwCandidateTest.csproj", "{68D2A83E-B4D6-4B4A-A121-3EEE24B5FAD9}"
EndProject
Global
	GlobalSection(SolutionConfigurationPlatforms) = preSolution
		Debug|Any CPU = Debug|Any CPU
		Release|Any CPU = Release|Any CPU
	EndGlobalSection
	GlobalSection(ProjectConfigurationPlatforms) = postSolution
		{68D2A83E-B4D6-4B4A-A121-3EEE24B5FAD9}.Debug|Any CPU.ActiveCfg = Debug|Any CPU
		{68D2A83E-B4D6-4B4A-A121-3EEE24B5FAD9}.Debug|Any CPU.Build.0 = Debug|Any CPU
		{68D2A83E-B4D6-4B4A-A121-3EEE24B5FAD9}.Release|Any CPU.ActiveCfg = Release|Any CPU
		{68D2A83E-B4D6-4B4A-A121-3EEE24B5FAD9}.Release|Any CPU.Build.0 = Release|Any CPU
	EndGlobalSection
	GlobalSection(SolutionProperties) = preSolution
		HideSolutionNode = FALSE
	EndGlobalSection
	GlobalSection(ExtensibilityGlobals) = postSolution
		SolutionGuid = {97AB5B34-C338-4D2F-8169-D34CDDB1417E}
	EndGlobalSection
EndGlobal
